Microsoft Visual Studio Solution File, Format Version 12.00
# Visual Studio Version 17
VisualStudioVersion = 17.5.2.0
MinimumVisualStudioVersion = 10.0.40219.1
Project("{FAE04EC0-301F-11D3-BF4B-00C04F79EFBC}") = "demo-05c", "demo-05c\demo-05c.csproj", "{BC304CA4-E23C-F479-19C7-4EE9BEF0105A}"
EndProject
Global
	GlobalSection(SolutionConfigurationPlatforms) = preSolution
		Debug|Any CPU = Debug|Any CPU
		Release|Any CPU = Release|Any CPU
	EndGlobalSection
	GlobalSection(ProjectConfigurationPlatforms) = postSolution
		{BC304CA4-E23C-F479-19C7-4EE9BEF0105A}.Debug|Any CPU.ActiveCfg = Debug|Any CPU
		{BC304CA4-E23C-F479-19C7-4EE9BEF0105A}.Debug|Any CPU.Build.0 = Debug|Any CPU
		{BC304CA4-E23C-F479-19C7-4EE9BEF0105A}.Release|Any CPU.ActiveCfg = Release|Any CPU
		{BC304CA4-E23C-F479-19C7-4EE9BEF0105A}.Release|Any CPU.Build.0 = Release|Any CPU
	EndGlobalSection
	GlobalSection(SolutionProperties) = preSolution
		HideSolutionNode = FALSE
	EndGlobalSection
	GlobalSection(ExtensibilityGlobals) = postSolution
		SolutionGuid = {4D154E81-9615-42D5-A8C3-5A6B98E2626A}
	EndGlobalSection
EndGlobal
