Microsoft Visual Studio Solution File, Format Version 12.00
# Visual Studio Version 17
VisualStudioVersion = 17.5.2.0
MinimumVisualStudioVersion = 10.0.40219.1
Project("{FAE04EC0-301F-11D3-BF4B-00C04F79EFBC}") = "demo-02a", "demo-02a\demo-02a.csproj", "{9EED5356-00F4-A484-F0FB-8953AB2BD0A9}"
EndProject
Project("{FAE04EC0-301F-11D3-BF4B-00C04F79EFBC}") = "demo-02b", "demo-02b\demo-02b.csproj", "{9CED2C05-36A8-806A-EB49-BFF84A6AAAC1}"
EndProject
Global
	GlobalSection(SolutionConfigurationPlatforms) = preSolution
		Debug|Any CPU = Debug|Any CPU
		Release|Any CPU = Release|Any CPU
	EndGlobalSection
	GlobalSection(ProjectConfigurationPlatforms) = postSolution
		{9EED5356-00F4-A484-F0FB-8953AB2BD0A9}.Debug|Any CPU.ActiveCfg = Debug|Any CPU
		{9EED5356-00F4-A484-F0FB-8953AB2BD0A9}.Debug|Any CPU.Build.0 = Debug|Any CPU
		{9EED5356-00F4-A484-F0FB-8953AB2BD0A9}.Release|Any CPU.ActiveCfg = Release|Any CPU
		{9EED5356-00F4-A484-F0FB-8953AB2BD0A9}.Release|Any CPU.Build.0 = Release|Any CPU
		{9CED2C05-36A8-806A-EB49-BFF84A6AAAC1}.Debug|Any CPU.ActiveCfg = Debug|Any CPU
		{9CED2C05-36A8-806A-EB49-BFF84A6AAAC1}.Debug|Any CPU.Build.0 = Debug|Any CPU
		{9CED2C05-36A8-806A-EB49-BFF84A6AAAC1}.Release|Any CPU.ActiveCfg = Release|Any CPU
		{9CED2C05-36A8-806A-EB49-BFF84A6AAAC1}.Release|Any CPU.Build.0 = Release|Any CPU
	EndGlobalSection
	GlobalSection(SolutionProperties) = preSolution
		HideSolutionNode = FALSE
	EndGlobalSection
	GlobalSection(ExtensibilityGlobals) = postSolution
		SolutionGuid = {9888E3B4-C491-4867-A2D7-10ADCD68466A}
	EndGlobalSection
EndGlobal
